
Microsoft Visual Studio Solution File, Format Version 12.00
# Visual Studio Version 17
VisualStudioVersion = 17.7.34024.191
MinimumVisualStudioVersion = 10.0.40219.1
Project("{FAE04EC0-301F-11D3-BF4B-00C04F79EFBC}") = "ConsoleAppGitClass", "ConsoleAppGitClass\ConsoleAppGitClass.csproj", "{8AF547D8-F9BE-4456-9192-1AABC20D281B}"
EndProject
Global
	GlobalSection(SolutionConfigurationPlatforms) = preSolution
		Debug|Any CPU = Debug|Any CPU
		Release|Any CPU = Release|Any CPU
	EndGlobalSection
	GlobalSection(ProjectConfigurationPlatforms) = postSolution
		{8AF547D8-F9BE-4456-9192-1AABC20D281B}.Debug|Any CPU.ActiveCfg = Debug|Any CPU
		{8AF547D8-F9BE-4456-9192-1AABC20D281B}.Debug|Any CPU.Build.0 = Debug|Any CPU
		{8AF547D8-F9BE-4456-9192-1AABC20D281B}.Release|Any CPU.ActiveCfg = Release|Any CPU
		{8AF547D8-F9BE-4456-9192-1AABC20D281B}.Release|Any CPU.Build.0 = Release|Any CPU
	EndGlobalSection
	GlobalSection(SolutionProperties) = preSolution
		HideSolutionNode = FALSE
	EndGlobalSection
	GlobalSection(ExtensibilityGlobals) = postSolution
		SolutionGuid = {79439690-C48E-4B96-A5EC-890C899E6EB8}
	EndGlobalSection
EndGlobal
